{
    "_readme": [
        "This file locks the dependencies of your project to a known state",
        "Read more about it at https://getcomposer.org/doc/01-basic-usage.md#installing-dependencies",
        "This file is @generated automatically"
    ],
    "content-hash": "fe57b9590781f3193dec12a947c650c6",
    "packages": [
        {
            "name": "frameworkatom/console",
            "version": "v1.0.0",
            "source": {
                "type": "git",
                "url": "https://github.com/FrameworkAtom/console.git",
                "reference": "c4b011ba39a920f7e4b66496138ad6a9b1040d08"
            },
            "dist": {
                "type": "zip",
                "url": "https://api.github.com/repos/FrameworkAtom/console/zipball/c4b011ba39a920f7e4b66496138ad6a9b1040d08",
                "reference": "c4b011ba39a920f7e4b66496138ad6a9b1040d08",
                "shasum": ""
            },
            "require": {
                "ext-json": "*",
                "ext-mbstring": "*",
                "ext-openssl": "*",
                "php": "^7.1.3"
            },
            "type": "library",
            "autoload": {
                "psr-4": {
                    "Console\\": "src/"
                }
            },
            "notification-url": "https://packagist.org/downloads/",
            "license": [
                "MIT"
            ],
            "authors": [
                {
                    "name": "enzomarc",
                    "email": "emarc237@gmail.com"
                }
            ],
            "description": "Atom Framework Console",
            "time": "2019-01-18T00:22:14+00:00"
        },
        {
            "name": "frameworkatom/framework",
            "version": "1.0.1",
            "source": {
                "type": "git",
                "url": "https://github.com/FrameworkAtom/framework.git",
                "reference": "e9e613e8b34948f8bd34988672e7005c9bbd1655"
            },
            "dist": {
                "type": "zip",
                "url": "https://api.github.com/repos/FrameworkAtom/framework/zipball/e9e613e8b34948f8bd34988672e7005c9bbd1655",
                "reference": "e9e613e8b34948f8bd34988672e7005c9bbd1655",
                "shasum": ""
            },
            "require": {
                "ext-json": "*",
                "ext-mbstring": "*",
                "ext-openssl": "*",
                "php": "^7.1.3"
            },
            "type": "library",
            "extra": {
                "branch-alias": {
                    "dev-master": "1.0.1-dev"
                }
            },
            "autoload": {
                "psr-4": {
                    "Atom\\": "src/Core/"
                }
            },
            "notification-url": "https://packagist.org/downloads/",
            "license": [
                "MIT"
            ],
            "authors": [
                {
                    "name": "focus237",
                    "email": "emarc237@gmail.com"
                }
            ],
            "description": "Atom Framework",
            "keywords": [
                "atom",
                "framework"
            ],
            "time": "2019-01-25T01:57:13+00:00"
        }
    ],
    "packages-dev": [],
    "aliases": [],
    "minimum-stability": "dev",
    "stability-flags": [],
    "prefer-stable": true,
    "prefer-lowest": false,
    "platform": {
        "php": "^7.1.3"
    },
    "platform-dev": []
}
